
Microsoft Visual Studio Solution File, Format Version 12.00
# Visual Studio 14
VisualStudioVersion = 14.0.25420.1
MinimumVisualStudioVersion = 10.0.40219.1
Project("{FAE04EC0-301F-11D3-BF4B-00C04F79EFBC}") = "CodeInterviewSolutions", "CodeInterviewSolutions\CodeInterviewSolutions.csproj", "{B963F171-7ACC-4B56-A641-78ADB3D8D695}"
EndProject
Project("{FAE04EC0-301F-11D3-BF4B-00C04F79EFBC}") = "AllMethodsTests", "AllMethodsTests\AllMethodsTests.csproj", "{769373E9-791D-4845-BFB1-9816FEEC2AE0}"
EndProject
Global
	GlobalSection(SolutionConfigurationPlatforms) = preSolution
		Debug|Any CPU = Debug|Any CPU
		Release|Any CPU = Release|Any CPU
	EndGlobalSection
	GlobalSection(ProjectConfigurationPlatforms) = postSolution
		{B963F171-7ACC-4B56-A641-78ADB3D8D695}.Debug|Any CPU.ActiveCfg = Debug|Any CPU
		{B963F171-7ACC-4B56-A641-78ADB3D8D695}.Debug|Any CPU.Build.0 = Debug|Any CPU
		{B963F171-7ACC-4B56-A641-78ADB3D8D695}.Release|Any CPU.ActiveCfg = Release|Any CPU
		{B963F171-7ACC-4B56-A641-78ADB3D8D695}.Release|Any CPU.Build.0 = Release|Any CPU
		{769373E9-791D-4845-BFB1-9816FEEC2AE0}.Debug|Any CPU.ActiveCfg = Debug|Any CPU
		{769373E9-791D-4845-BFB1-9816FEEC2AE0}.Debug|Any CPU.Build.0 = Debug|Any CPU
		{769373E9-791D-4845-BFB1-9816FEEC2AE0}.Release|Any CPU.ActiveCfg = Release|Any CPU
		{769373E9-791D-4845-BFB1-9816FEEC2AE0}.Release|Any CPU.Build.0 = Release|Any CPU
	EndGlobalSection
	GlobalSection(SolutionProperties) = preSolution
		HideSolutionNode = FALSE
	EndGlobalSection
EndGlobal
